
Microsoft Visual Studio Solution File, Format Version 12.00
# Visual Studio Version 16
VisualStudioVersion = 16.0.28407.52
MinimumVisualStudioVersion = 10.0.40219.1
Project("{FAE04EC0-301F-11D3-BF4B-00C04F79EFBC}") = "SimpleSettingsManager", "SimpleSettingsManager\SimpleSettingsManager.csproj", "{B4E5C358-6C6C-48F5-8D50-B6179070AFBB}"
EndProject
Global
	GlobalSection(SolutionConfigurationPlatforms) = preSolution
		Debug|Any CPU = Debug|Any CPU
		Release|Any CPU = Release|Any CPU
	EndGlobalSection
	GlobalSection(ProjectConfigurationPlatforms) = postSolution
		{B4E5C358-6C6C-48F5-8D50-B6179070AFBB}.Debug|Any CPU.ActiveCfg = Debug|Any CPU
		{B4E5C358-6C6C-48F5-8D50-B6179070AFBB}.Debug|Any CPU.Build.0 = Debug|Any CPU
		{B4E5C358-6C6C-48F5-8D50-B6179070AFBB}.Release|Any CPU.ActiveCfg = Release|Any CPU
		{B4E5C358-6C6C-48F5-8D50-B6179070AFBB}.Release|Any CPU.Build.0 = Release|Any CPU
	EndGlobalSection
	GlobalSection(SolutionProperties) = preSolution
		HideSolutionNode = FALSE
	EndGlobalSection
	GlobalSection(ExtensibilityGlobals) = postSolution
		SolutionGuid = {44950094-B022-400A-9316-5C7CD5E8E869}
	EndGlobalSection
EndGlobal
